
Microsoft Visual Studio Solution File, Format Version 12.00
# Visual Studio Version 17
VisualStudioVersion = 17.5.002.0
MinimumVisualStudioVersion = 10.0.40219.1
Project("{9A19103F-16F7-4668-BE54-9A1E7A4F7556}") = "ImitandoDory", "ImitandoDory.csproj", "{066562E3-EFEC-46E9-99BC-6104593A52F0}"
EndProject
Global
	GlobalSection(SolutionConfigurationPlatforms) = preSolution
		Debug|Any CPU = Debug|Any CPU
		Release|Any CPU = Release|Any CPU
	EndGlobalSection
	GlobalSection(ProjectConfigurationPlatforms) = postSolution
		{066562E3-EFEC-46E9-99BC-6104593A52F0}.Debug|Any CPU.ActiveCfg = Debug|Any CPU
		{066562E3-EFEC-46E9-99BC-6104593A52F0}.Debug|Any CPU.Build.0 = Debug|Any CPU
		{066562E3-EFEC-46E9-99BC-6104593A52F0}.Release|Any CPU.ActiveCfg = Release|Any CPU
		{066562E3-EFEC-46E9-99BC-6104593A52F0}.Release|Any CPU.Build.0 = Release|Any CPU
	EndGlobalSection
	GlobalSection(SolutionProperties) = preSolution
		HideSolutionNode = FALSE
	EndGlobalSection
	GlobalSection(ExtensibilityGlobals) = postSolution
		SolutionGuid = {F73685FD-BF55-4C48-8547-9C706D85EAC9}
	EndGlobalSection
EndGlobal
